
Microsoft Visual Studio Solution File, Format Version 12.00
# Visual Studio Version 17
VisualStudioVersion = 17.8.34330.188
MinimumVisualStudioVersion = 10.0.40219.1
Project("{888888A0-9F3D-457C-B088-3A5042F75D52}") = "sbJsonParser", "sbJsonParser.pyproj", "{7FAA201B-A9C2-401E-BA28-3C41A8A4454D}"
EndProject
Global
	GlobalSection(SolutionConfigurationPlatforms) = preSolution
		Debug|Any CPU = Debug|Any CPU
		Release|Any CPU = Release|Any CPU
	EndGlobalSection
	GlobalSection(ProjectConfigurationPlatforms) = postSolution
		{7FAA201B-A9C2-401E-BA28-3C41A8A4454D}.Debug|Any CPU.ActiveCfg = Debug|Any CPU
		{7FAA201B-A9C2-401E-BA28-3C41A8A4454D}.Release|Any CPU.ActiveCfg = Release|Any CPU
	EndGlobalSection
	GlobalSection(SolutionProperties) = preSolution
		HideSolutionNode = FALSE
	EndGlobalSection
	GlobalSection(ExtensibilityGlobals) = postSolution
		SolutionGuid = {CBB0C1FA-B9CB-4A9B-9DC3-EF46ED2F9340}
	EndGlobalSection
EndGlobal
